
Microsoft Visual Studio Solution File, Format Version 12.00
# Visual Studio Version 17
VisualStudioVersion = 17.6.33801.468
MinimumVisualStudioVersion = 10.0.40219.1
Project("{54A90642-561A-4BB1-A94E-469ADEE60C69}") = "reactapp", "reactapp\reactapp.esproj", "{0BFCB137-44E7-4618-A74B-8F0331811618}"
EndProject
Project("{9A19103F-16F7-4668-BE54-9A1E7A4F7556}") = "webapi", "webapi\webapi.csproj", "{F365EA1B-BDBF-4FD7-B89C-5F77474E38E1}"
EndProject
Global
	GlobalSection(SolutionConfigurationPlatforms) = preSolution
		Debug|Any CPU = Debug|Any CPU
		Release|Any CPU = Release|Any CPU
	EndGlobalSection
	GlobalSection(ProjectConfigurationPlatforms) = postSolution
		{0BFCB137-44E7-4618-A74B-8F0331811618}.Debug|Any CPU.ActiveCfg = Debug|Any CPU
		{0BFCB137-44E7-4618-A74B-8F0331811618}.Debug|Any CPU.Build.0 = Debug|Any CPU
		{0BFCB137-44E7-4618-A74B-8F0331811618}.Debug|Any CPU.Deploy.0 = Debug|Any CPU
		{0BFCB137-44E7-4618-A74B-8F0331811618}.Release|Any CPU.ActiveCfg = Release|Any CPU
		{0BFCB137-44E7-4618-A74B-8F0331811618}.Release|Any CPU.Build.0 = Release|Any CPU
		{0BFCB137-44E7-4618-A74B-8F0331811618}.Release|Any CPU.Deploy.0 = Release|Any CPU
		{F365EA1B-BDBF-4FD7-B89C-5F77474E38E1}.Debug|Any CPU.ActiveCfg = Debug|Any CPU
		{F365EA1B-BDBF-4FD7-B89C-5F77474E38E1}.Debug|Any CPU.Build.0 = Debug|Any CPU
		{F365EA1B-BDBF-4FD7-B89C-5F77474E38E1}.Release|Any CPU.ActiveCfg = Release|Any CPU
		{F365EA1B-BDBF-4FD7-B89C-5F77474E38E1}.Release|Any CPU.Build.0 = Release|Any CPU
	EndGlobalSection
	GlobalSection(SolutionProperties) = preSolution
		HideSolutionNode = FALSE
	EndGlobalSection
	GlobalSection(ExtensibilityGlobals) = postSolution
		SolutionGuid = {D1352C5D-CB30-4B83-BC59-68EC9EB3C052}
	EndGlobalSection
EndGlobal
